
Microsoft Visual Studio Solution File, Format Version 12.00
# Visual Studio Version 17
VisualStudioVersion = 17.14.36408.4
MinimumVisualStudioVersion = 10.0.40219.1
Project("{FAE04EC0-301F-11D3-BF4B-00C04F79EFBC}") = "TableKanban", "TableKanban\TableKanban.csproj", "{C0B2D9B3-2136-4164-BD7A-D135048DBAD4}"
EndProject
Global
	GlobalSection(SolutionConfigurationPlatforms) = preSolution
		Debug|Any CPU = Debug|Any CPU
		Release|Any CPU = Release|Any CPU
	EndGlobalSection
	GlobalSection(ProjectConfigurationPlatforms) = postSolution
		{C0B2D9B3-2136-4164-BD7A-D135048DBAD4}.Debug|Any CPU.ActiveCfg = Debug|Any CPU
		{C0B2D9B3-2136-4164-BD7A-D135048DBAD4}.Debug|Any CPU.Build.0 = Debug|Any CPU
		{C0B2D9B3-2136-4164-BD7A-D135048DBAD4}.Release|Any CPU.ActiveCfg = Release|Any CPU
		{C0B2D9B3-2136-4164-BD7A-D135048DBAD4}.Release|Any CPU.Build.0 = Release|Any CPU
	EndGlobalSection
	GlobalSection(SolutionProperties) = preSolution
		HideSolutionNode = FALSE
	EndGlobalSection
	GlobalSection(ExtensibilityGlobals) = postSolution
		SolutionGuid = {92CE63E5-7920-4EDC-8844-CBB95059E192}
	EndGlobalSection
EndGlobal
